
Microsoft Visual Studio Solution File, Format Version 12.00
# Visual Studio Version 16
VisualStudioVersion = 16.0.31321.278
MinimumVisualStudioVersion = 10.0.40219.1
Project("{9A19103F-16F7-4668-BE54-9A1E7A4F7556}") = "ProjeYonetim", "ProjeYonetim.csproj", "{483DAB87-4C51-4DCD-940B-068CCB11A2E9}"
EndProject
Global
	GlobalSection(SolutionConfigurationPlatforms) = preSolution
		Debug|Any CPU = Debug|Any CPU
		Release|Any CPU = Release|Any CPU
	EndGlobalSection
	GlobalSection(ProjectConfigurationPlatforms) = postSolution
		{483DAB87-4C51-4DCD-940B-068CCB11A2E9}.Debug|Any CPU.ActiveCfg = Debug|Any CPU
		{483DAB87-4C51-4DCD-940B-068CCB11A2E9}.Debug|Any CPU.Build.0 = Debug|Any CPU
		{483DAB87-4C51-4DCD-940B-068CCB11A2E9}.Release|Any CPU.ActiveCfg = Release|Any CPU
		{483DAB87-4C51-4DCD-940B-068CCB11A2E9}.Release|Any CPU.Build.0 = Release|Any CPU
	EndGlobalSection
	GlobalSection(SolutionProperties) = preSolution
		HideSolutionNode = FALSE
	EndGlobalSection
	GlobalSection(ExtensibilityGlobals) = postSolution
		SolutionGuid = {1790BC04-1369-46BA-857E-E45C49DDF493}
	EndGlobalSection
EndGlobal
